// !$*UTF8*$!
{
	archiveVersion = 1;
	classes = {
	};
	objectVersion = 46;
	objects = {

/* Begin PBXBuildFile section */
		0F56CEDA1EE1DA3D00512981 /* AppDelegate.swift in Sources */ = {isa = PBXBuildFile; fileRef = 0F56CED91EE1DA3D00512981 /* AppDelegate.swift */; };
		0F56CEDC1EE1DA3D00512981 /* ViewController.swift in Sources */ = {isa = PBXBuildFile; fileRef = 0F56CEDB1EE1DA3D00512981 /* ViewController.swift */; };
		0F56CEDF1EE1DA3D00512981 /* Main.storyboard in Resources */ = {isa = PBXBuildFile; fileRef = 0F56CEDD1EE1DA3D00512981 /* Main.storyboard */; };
		0F56CEE11EE1DA3D00512981 /* Assets.xcassets in Resources */ = {isa = PBXBuildFile; fileRef = 0F56CEE01EE1DA3D00512981 /* Assets.xcassets */; };
		0F56CEE41EE1DA3D00512981 /* LaunchScreen.storyboard in Resources */ = {isa = PBXBuildFile; fileRef = 0F56CEE21EE1DA3D00512981 /* LaunchScreen.storyboard */; };
/* End PBXBuildFile section */

/* Begin PBXFileReference section */
		0F56CED61EE1DA3D00512981 /* PodImage.app */ = {isa = PBXFileReference; explicitFileType = wrapper.application; includeInIndex = 0; path = PodImage.app; sourceTree = BUILT_PRODUCTS_DIR; };
		0F56CED91EE1DA3D00512981 /* AppDelegate.swift */ = {isa = PBXFileReference; lastKnownFileType = sourcecode.swift; path = AppDelegate.swift; sourceTree = "<group>"; };
		0F56CEDB1EE1DA3D00512981 /* ViewController.swift */ = {isa = PBXFileReference; lastKnownFileType = sourcecode.swift; path = ViewController.swift; sourceTree = "<group>"; };
		0F56CEDE1EE1DA3D00512981 /* Base */ = {isa = PBXFileReference; lastKnownFileType = file.storyboard; name = Base; path = Base.lproj/Main.storyboard; sourceTree = "<group>"; };
		0F56CEE01EE1DA3D00512981 /* Assets.xcassets */ = {isa = PBXFileReference; lastKnownFileType = folder.assetcatalog; path = Assets.xcassets; sourceTree = "<group>"; };
		0F56CEE31EE1DA3D00512981 /* Base */ = {isa = PBXFileReference; lastKnownFileType = file.storyboard; name = Base; path = Base.lproj/LaunchScreen.storyboard; sourceTree = "<group>"; };
		0F56CEE51EE1DA3D00512981 /* Info.plist */ = {isa = PBXFileReference; lastKnownFileType = text.plist.xml; path = Info.plist; sourceTree = "<group>"; };
/* End PBXFileReference section */

/* Begin PBXFrameworksBuildPhase section */
		0F56CED31EE1DA3D00512981 /* Frameworks */ = {
			isa = PBXFrameworksBuildPhase;
			buildActionMask = 2147483647;
			files = (
			);
			runOnlyForDeploymentPostprocessing = 0;
		};
/* End PBXFrameworksBuildPhase section */

/* Begin PBXGroup section */
		0F56CECD1EE1DA3D00512981 = {
			isa = PBXGroup;
			children = (
				0F56CED81EE1DA3D00512981 /* PodImage */,
				0F56CED71EE1DA3D00512981 /* Products */,
			);
			sourceTree = "<group>";
		};
		0F56CED71EE1DA3D00512981 /* Products */ = {
			isa = PBXGroup;
			children = (
				0F56CED61EE1DA3D00512981 /* PodImage.app */,
			);
			name = Products;
			sourceTree = "<group>";
		};
		0F56CED81EE1DA3D00512981 /* PodImage */ = {
			isa = PBXGroup;
			children = (
				0F56CED91EE1DA3D00512981 /* AppDelegate.swift */,
				0F56CEDB1EE1DA3D00512981 /* ViewController.swift */,
				0F56CEDD1EE1DA3D00512981 /* Main.storyboard */,
				0F56CEE01EE1DA3D00512981 /* Assets.xcassets */,
				0F56CEE21EE1DA3D00512981 /* LaunchScreen.storyboard */,
				0F56CEE51EE1DA3D00512981 /* Info.plist */,
			);
			path = PodImage;
			sourceTree = "<group>";
		};
/* End PBXGroup section */

/* Begin PBXNativeTarget section */
		0F56CED51EE1DA3D00512981 /* PodImage */ = {
			isa = PBXNativeTarget;
			buildConfigurationList = 0F56CEE81EE1DA3D00512981 /* Build configuration list for PBXNativeTarget "PodImage" */;
			buildPhases = (
				0F56CED21EE1DA3D00512981 /* Sources */,
				0F56CED31EE1DA3D00512981 /* Frameworks */,
				0F56CED41EE1DA3D00512981 /* Resources */,
			);
			buildRules = (
			);
			dependencies = (
			);
			name = PodImage;
			productName = PodImage;
			productReference = 0F56CED61EE1DA3D00512981 /* PodImage.app */;
			productType = "com.apple.product-type.application";
		};
/* End PBXNativeTarget section */

/* Begin PBXProject section */
		0F56CECE1EE1DA3D00512981 /* Project object */ = {
			isa = PBXProject;
			attributes = {
				LastSwiftUpdateCheck = 0830;
				LastUpgradeCheck = 0830;
				ORGANIZATIONNAME = "Naina Sai Tipparti";
				TargetAttributes = {
					0F56CED51EE1DA3D00512981 = {
						CreatedOnToolsVersion = 8.3.2;
						ProvisioningStyle = Automatic;
					};
				};
			};
			buildConfigurationList = 0F56CED11EE1DA3D00512981 /* Build configuration list for PBXProject "PodImage" */;
			compatibilityVersion = "Xcode 3.2";
			developmentRegion = English;
			hasScannedForEncodings = 0;
			knownRegions = (
				en,
				Base,
			);
			mainGroup = 0F56CECD1EE1DA3D00512981;
			productRefGroup = 0F56CED71EE1DA3D00512981 /* Products */;
			projectDirPath = "";
			projectRoot = "";
			targets = (
				0F56CED51EE1DA3D00512981 /* PodImage */,
			);
		};
/* End PBXProject section */

/* Begin PBXResourcesBuildPhase section */
		0F56CED41EE1DA3D00512981 /* Resources */ = {
			isa = PBXResourcesBuildPhase;
			buildActionMask = 2147483647;
			files = (
				0F56CEE41EE1DA3D00512981 /* LaunchScreen.storyboard in Resources */,
				0F56CEE11EE1DA3D00512981 /* Assets.xcassets in Resources */,
				0F56CEDF1EE1DA3D00512981 /* Main.storyboard in Resources */,
			);
			runOnlyForDeploymentPostprocessing = 0;
		};
/* End PBXResourcesBuildPhase section */

/* Begin PBXSourcesBuildPhase section */
		0F56CED21EE1DA3D00512981 /* Sources */ = {
			isa = PBXSourcesBuildPhase;
			buildActionMask = 2147483647;
			files = (
				0F56CEDC1EE1DA3D00512981 /* ViewController.swift in Sources */,
				0F56CEDA1EE1DA3D00512981 /* AppDelegate.swift in Sources */,
			);
			runOnlyForDeploymentPostprocessing = 0;
		};
/* End PBXSourcesBuildPhase section */

/* Begin PBXVariantGroup section */
		0F56CEDD1EE1DA3D00512981 /* Main.storyboard */ = {
			isa = PBXVariantGroup;
			children = (
				0F56CEDE1EE1DA3D00512981 /* Base */,
			);
			name = Main.storyboard;
			sourceTree = "<group>";
		};
		0F56CEE21EE1DA3D00512981 /* LaunchScreen.storyboard */ = {
			isa = PBXVariantGroup;
			children = (
				0F56CEE31EE1DA3D00512981 /* Base */,
			);
			name = LaunchScreen.storyboard;
			sourceTree = "<group>";
		};
/* End PBXVariantGroup section */

/* Begin XCBuildConfiguration section */
		0F56CEE61EE1DA3D00512981 /* Debug */ = {
			isa = XCBuildConfiguration;
			buildSettings = {
				ALWAYS_SEARCH_USER_PATHS = NO;
				CLANG_ANALYZER_NONNULL = YES;
				CLANG_ANALYZER_NUMBER_OBJECT_CONVERSION = YES_AGGRESSIVE;
				CLANG_CXX_LANGUAGE_STANDARD = "gnu++0x";
				CLANG_CXX_LIBRARY = "libc++";
				CLANG_ENABLE_MODULES = YES;
				CLANG_ENABLE_OBJC_ARC = YES;
				CLANG_WARN_BOOL_CONVERSION = YES;
				CLANG_WARN_CONSTANT_CONVERSION = YES;
				CLANG_WARN_DIRECT_OBJC_ISA_USAGE = YES_ERROR;
				CLANG_WARN_DOCUMENTATION_COMMENTS = YES;
				CLANG_WARN_EMPTY_BODY = YES;
				CLANG_WARN_ENUM_CONVERSION = YES;
				CLANG_WARN_INFINITE_RECURSION = YES;
				CLANG_WARN_INT_CONVERSION = YES;
				CLANG_WARN_OBJC_ROOT_CLASS = YES_ERROR;
				CLANG_WARN_SUSPICIOUS_MOVE = YES;
				CLANG_WARN_UNREACHABLE_CODE = YES;
				CLANG_WARN__DUPLICATE_METHOD_MATCH = YES;
				"CODE_SIGN_IDENTITY[sdk=iphoneos*]" = "iPhone Developer";
				COPY_PHASE_STRIP = NO;
				DEBUG_INFORMATION_FORMAT = dwarf;
				ENABLE_STRICT_OBJC_MSGSEND = YES;
				ENABLE_TESTABILITY = YES;
				GCC_C_LANGUAGE_STANDARD = gnu99;
				GCC_DYNAMIC_NO_PIC = NO;
				GCC_NO_COMMON_BLOCKS = YES;
				GCC_OPTIMIZATION_LEVEL = 0;
				GCC_PREPROCESSOR_DEFINITIONS = (
					"DEBUG=1",
					"$(inherited)",
				);
				GCC_WARN_64_TO_32_BIT_CONVERSION = YES;
				GCC_WARN_ABOUT_RETURN_TYPE = YES_ERROR;
				GCC_WARN_UNDECLARED_SELECTOR = YES;
				GCC_WARN_UNINITIALIZED_AUTOS = YES_AGGRESSIVE;
				GCC_WARN_UNUSED_FUNCTION = YES;
				GCC_WARN_UNUSED_VARIABLE = YES;
				IPHONEOS_DEPLOYMENT_TARGET = 10.3;
				MTL_ENABLE_DEBUG_INFO = YES;
				ONLY_ACTIVE_ARCH = YES;
				SDKROOT = iphoneos;
				SWIFT_ACTIVE_COMPILATION_CONDITIONS = DEBUG;
				SWIFT_OPTIMIZATION_LEVEL = "-Onone";
			};
			name = Debug;
		};
		0F56CEE71EE1DA3D00512981 /* Release */ = {
			isa = XCBuildConfiguration;
			buildSettings = {
				ALWAYS_SEARCH_USER_PATHS = NO;
				CLANG_ANALYZER_NONNULL = YES;
				CLANG_ANALYZER_NUMBER_OBJECT_CONVERSION = YES_AGGRESSIVE;
				CLANG_CXX_LANGUAGE_STANDARD = "gnu++0x";
				CLANG_CXX_LIBRARY = "libc++";
				CLANG_ENABLE_MODULES = YES;
				CLANG_ENABLE_OBJC_ARC = YES;
				CLANG_WARN_BOOL_CONVERSION = YES;
				CLANG_WARN_CONSTANT_CONVERSION = YES;
				CLANG_WARN_DIRECT_OBJC_ISA_USAGE = YES_ERROR;
				CLANG_WARN_DOCUMENTATION_COMMENTS = YES;
				CLANG_WARN_EMPTY_BODY = YES;
				CLANG_WARN_ENUM_CONVERSION = YES;
				CLANG_WARN_INFINITE_RECURSION = YES;
				CLANG_WARN_INT_CONVERSION = YES;
				CLANG_WARN_OBJC_ROOT_CLASS = YES_ERROR;
				CLANG_WARN_SUSPICIOUS_MOVE = YES;
				CLANG_WARN_UNREACHABLE_CODE = YES;
				CLANG_WARN__DUPLICATE_METHOD_MATCH = YES;
				"CODE_SIGN_IDENTITY[sdk=iphoneos*]" = "iPhone Developer";
				COPY_PHASE_STRIP = NO;
				DEBUG_INFORMATION_FORMAT = "dwarf-with-dsym";
				ENABLE_NS_ASSERTIONS = NO;
				ENABLE_STRICT_OBJC_MSGSEND = YES;
				GCC_C_LANGUAGE_STANDARD = gnu99;
				GCC_NO_COMMON_BLOCKS = YES;
				GCC_WARN_64_TO_32_BIT_CONVERSION = YES;
				GCC_WARN_ABOUT_RETURN_TYPE = YES_ERROR;
				GCC_WARN_UNDECLARED_SELECTOR = YES;
				GCC_WARN_UNINITIALIZED_AUTOS = YES_AGGRESSIVE;
				GCC_WARN_UNUSED_FUNCTION = YES;
				GCC_WARN_UNUSED_VARIABLE = YES;
				IPHONEOS_DEPLOYMENT_TARGET = 10.3;
				MTL_ENABLE_DEBUG_INFO = NO;
				SDKROOT = iphoneos;
				SWIFT_OPTIMIZATION_LEVEL = "-Owholemodule";
				VALIDATE_PRODUCT = YES;
			};
			name = Release;
		};
		0F56CEE91EE1DA3D00512981 /* Debug */ = {
			isa = XCBuildConfiguration;
			buildSettings = {
				ASSETCATALOG_COMPILER_APPICON_NAME = AppIcon;
				INFOPLIST_FILE = PodImage/Info.plist;
				LD_RUNPATH_SEARCH_PATHS = "$(inherited) @executable_path/Frameworks";
				PRODUCT_BUNDLE_IDENTIFIER = com.tipparti.PodImage;
				PRODUCT_NAME = "$(TARGET_NAME)";
				SWIFT_VERSION = 3.0;
			};
			name = Debug;
		};
		0F56CEEA1EE1DA3D00512981 /* Release */ = {
			isa = XCBuildConfiguration;
			buildSettings = {
				ASSETCATALOG_COMPILER_APPICON_NAME = AppIcon;
				INFOPLIST_FILE = PodImage/Info.plist;
				LD_RUNPATH_SEARCH_PATHS = "$(inherited) @executable_path/Frameworks";
				PRODUCT_BUNDLE_IDENTIFIER = com.tipparti.PodImage;
				PRODUCT_NAME = "$(TARGET_NAME)";
				SWIFT_VERSION = 3.0;
			};
			name = Release;
		};
/* End XCBuildConfiguration section */

/* Begin XCConfigurationList section */
		0F56CED11EE1DA3D00512981 /* Build configuration list for PBXProject "PodImage" */ = {
			isa = XCConfigurationList;
			buildConfigurations = (
				0F56CEE61EE1DA3D00512981 /* Debug */,
				0F56CEE71EE1DA3D00512981 /* Release */,
			);
			defaultConfigurationIsVisible = 0;
			defaultConfigurationName = Release;
		};
		0F56CEE81EE1DA3D00512981 /* Build configuration list for PBXNativeTarget "PodImage" */ = {
			isa = XCConfigurationList;
			buildConfigurations = (
				0F56CEE91EE1DA3D00512981 /* Debug */,
				0F56CEEA1EE1DA3D00512981 /* Release */,
			);
			defaultConfigurationIsVisible = 0;
		};
/* End XCConfigurationList section */
	};
	rootObject = 0F56CECE1EE1DA3D00512981 /* Project object */;
}
